
Microsoft Visual Studio Solution File, Format Version 12.00
# Visual Studio Version 16
VisualStudioVersion = 16.0.30204.135
MinimumVisualStudioVersion = 10.0.40219.1
Project("{FAE04EC0-301F-11D3-BF4B-00C04F79EFBC}") = "ZacharyChilders-CPT-185-Lab-2", "ZacharyChilders-CPT-185-Lab-2.csproj", "{EE3CFCDD-DDBE-4D5E-9FDD-F855A93C3595}"
EndProject
Global
	GlobalSection(SolutionConfigurationPlatforms) = preSolution
		Debug|Any CPU = Debug|Any CPU
		Release|Any CPU = Release|Any CPU
	EndGlobalSection
	GlobalSection(ProjectConfigurationPlatforms) = postSolution
		{EE3CFCDD-DDBE-4D5E-9FDD-F855A93C3595}.Debug|Any CPU.ActiveCfg = Debug|Any CPU
		{EE3CFCDD-DDBE-4D5E-9FDD-F855A93C3595}.Debug|Any CPU.Build.0 = Debug|Any CPU
		{EE3CFCDD-DDBE-4D5E-9FDD-F855A93C3595}.Release|Any CPU.ActiveCfg = Release|Any CPU
		{EE3CFCDD-DDBE-4D5E-9FDD-F855A93C3595}.Release|Any CPU.Build.0 = Release|Any CPU
	EndGlobalSection
	GlobalSection(SolutionProperties) = preSolution
		HideSolutionNode = FALSE
	EndGlobalSection
	GlobalSection(ExtensibilityGlobals) = postSolution
		SolutionGuid = {82CFFBB9-BA54-4374-A7B6-9781096C3591}
	EndGlobalSection
EndGlobal
